
Microsoft Visual Studio Solution File, Format Version 12.00
# Visual Studio Version 17
VisualStudioVersion = 17.0.31903.59
MinimumVisualStudioVersion = 10.0.40219.1
Project("{2150E333-8FDC-42A3-9474-1A3956D46DE8}") = "src", "src", "{827E0CD3-B72D-47B6-A68D-7590B98EB39B}"
EndProject
Project("{2150E333-8FDC-42A3-9474-1A3956D46DE8}") = "Services", "Services", "{984BB9B3-3FA3-BE33-9484-CAC21695A33C}"
EndProject
Project("{2150E333-8FDC-42A3-9474-1A3956D46DE8}") = "Config", "Config", "{116ECC48-843A-D9BE-1B63-A656B627FAB9}"
EndProject
Project("{FAE04EC0-301F-11D3-BF4B-00C04F79EFBC}") = "KC.Config.API", "src\Services\Config\KC.Config.API\KC.Config.API.csproj", "{248FA18C-E147-4E08-99F1-FE760FF25604}"
EndProject
Project("{2150E333-8FDC-42A3-9474-1A3956D46DE8}") = "Identity", "Identity", "{1BFC9479-12BF-35C3-06B8-42D89D95092B}"
EndProject
Project("{FAE04EC0-301F-11D3-BF4B-00C04F79EFBC}") = "KC.Identity.API", "src\Services\Identity\KC.Identity.API\KC.Identity.API.csproj", "{C49E13DE-BBBE-415A-91F5-276251B1BBE9}"
EndProject
Project("{2150E333-8FDC-42A3-9474-1A3956D46DE8}") = "Mono", "Mono", "{30858BB4-63AE-9BF5-17A6-CE6588F4B7A9}"
EndProject
Project("{FAE04EC0-301F-11D3-BF4B-00C04F79EFBC}") = "KC.Mono.API", "src\Services\Mono\KC.Mono.API\KC.Mono.API.csproj", "{BFB7E180-3148-4A2E-878F-C6922F8D7E76}"
EndProject
Project("{2150E333-8FDC-42A3-9474-1A3956D46DE8}") = "Common", "Common", "{BFF2DF6E-AA54-47C7-211F-79ACCBB4577C}"
EndProject
Project("{FAE04EC0-301F-11D3-BF4B-00C04F79EFBC}") = "KC.Application.Common", "src\Common\KC.Application.Common\KC.Application.Common.csproj", "{6005C275-3027-4D3E-986A-341607CB1C0C}"
EndProject
Project("{FAE04EC0-301F-11D3-BF4B-00C04F79EFBC}") = "KC.Domain.Common", "src\Common\KC.Domain.Common\KC.Domain.Common.csproj", "{93F53C0C-8AC5-4F6A-A798-3000197325A5}"
EndProject
Project("{FAE04EC0-301F-11D3-BF4B-00C04F79EFBC}") = "KC.FuncApp.Common", "src\Common\KC.FuncApp.Common\KC.FuncApp.Common.csproj", "{CC3DF9B2-DF6D-43B8-B97A-D9DC74FCD7D1}"
EndProject
Project("{FAE04EC0-301F-11D3-BF4B-00C04F79EFBC}") = "KC.Infrastructure.Common", "src\Common\KC.Infrastructure.Common\KC.Infrastructure.Common.csproj", "{45FFB04B-BAC1-482F-BC3E-1BCCC1398FF6}"
EndProject
Project("{FAE04EC0-301F-11D3-BF4B-00C04F79EFBC}") = "KC.Persistence.Common", "src\Common\KC.Persistence.Common\KC.Persistence.Common.csproj", "{DBD110FF-8588-44F1-B758-34C0D0BFB190}"
EndProject
Project("{FAE04EC0-301F-11D3-BF4B-00C04F79EFBC}") = "KC.Utils.Common", "src\Common\KC.Utils.Common\KC.Utils.Common.csproj", "{70681169-BA7B-4656-99B3-DB2CE684B1FE}"
EndProject
Project("{2150E333-8FDC-42A3-9474-1A3956D46DE8}") = "Clients", "Clients", "{00B920E4-100F-D869-D8B1-04B3A2ED45DA}"
EndProject
Project("{FAE04EC0-301F-11D3-BF4B-00C04F79EFBC}") = "KC.Config.API.Client", "src\Clients\KC.Config.API.Client\KC.Config.API.Client.csproj", "{5196555A-A6C0-4942-9489-3C240084536B}"
EndProject
Project("{FAE04EC0-301F-11D3-BF4B-00C04F79EFBC}") = "KC.Identity.API.Client", "src\Clients\KC.Identity.API.Client\KC.Identity.API.Client.csproj", "{4D24271A-839B-4C6D-AEE1-8E2675026DD1}"
EndProject
Global
	GlobalSection(SolutionConfigurationPlatforms) = preSolution
		Debug|Any CPU = Debug|Any CPU
		Debug|x64 = Debug|x64
		Debug|x86 = Debug|x86
		Release|Any CPU = Release|Any CPU
		Release|x64 = Release|x64
		Release|x86 = Release|x86
	EndGlobalSection
	GlobalSection(ProjectConfigurationPlatforms) = postSolution
		{248FA18C-E147-4E08-99F1-FE760FF25604}.Debug|Any CPU.ActiveCfg = Debug|Any CPU
		{248FA18C-E147-4E08-99F1-FE760FF25604}.Debug|Any CPU.Build.0 = Debug|Any CPU
		{248FA18C-E147-4E08-99F1-FE760FF25604}.Debug|x64.ActiveCfg = Debug|Any CPU
		{248FA18C-E147-4E08-99F1-FE760FF25604}.Debug|x64.Build.0 = Debug|Any CPU
		{248FA18C-E147-4E08-99F1-FE760FF25604}.Debug|x86.ActiveCfg = Debug|Any CPU
		{248FA18C-E147-4E08-99F1-FE760FF25604}.Debug|x86.Build.0 = Debug|Any CPU
		{248FA18C-E147-4E08-99F1-FE760FF25604}.Release|Any CPU.ActiveCfg = Release|Any CPU
		{248FA18C-E147-4E08-99F1-FE760FF25604}.Release|Any CPU.Build.0 = Release|Any CPU
		{248FA18C-E147-4E08-99F1-FE760FF25604}.Release|x64.ActiveCfg = Release|Any CPU
		{248FA18C-E147-4E08-99F1-FE760FF25604}.Release|x64.Build.0 = Release|Any CPU
		{248FA18C-E147-4E08-99F1-FE760FF25604}.Release|x86.ActiveCfg = Release|Any CPU
		{248FA18C-E147-4E08-99F1-FE760FF25604}.Release|x86.Build.0 = Release|Any CPU
		{C49E13DE-BBBE-415A-91F5-276251B1BBE9}.Debug|Any CPU.ActiveCfg = Debug|Any CPU
		{C49E13DE-BBBE-415A-91F5-276251B1BBE9}.Debug|Any CPU.Build.0 = Debug|Any CPU
		{C49E13DE-BBBE-415A-91F5-276251B1BBE9}.Debug|x64.ActiveCfg = Debug|Any CPU
		{C49E13DE-BBBE-415A-91F5-276251B1BBE9}.Debug|x64.Build.0 = Debug|Any CPU
		{C49E13DE-BBBE-415A-91F5-276251B1BBE9}.Debug|x86.ActiveCfg = Debug|Any CPU
		{C49E13DE-BBBE-415A-91F5-276251B1BBE9}.Debug|x86.Build.0 = Debug|Any CPU
		{C49E13DE-BBBE-415A-91F5-276251B1BBE9}.Release|Any CPU.ActiveCfg = Release|Any CPU
		{C49E13DE-BBBE-415A-91F5-276251B1BBE9}.Release|Any CPU.Build.0 = Release|Any CPU
		{C49E13DE-BBBE-415A-91F5-276251B1BBE9}.Release|x64.ActiveCfg = Release|Any CPU
		{C49E13DE-BBBE-415A-91F5-276251B1BBE9}.Release|x64.Build.0 = Release|Any CPU
		{C49E13DE-BBBE-415A-91F5-276251B1BBE9}.Release|x86.ActiveCfg = Release|Any CPU
		{C49E13DE-BBBE-415A-91F5-276251B1BBE9}.Release|x86.Build.0 = Release|Any CPU
		{BFB7E180-3148-4A2E-878F-C6922F8D7E76}.Debug|Any CPU.ActiveCfg = Debug|Any CPU
		{BFB7E180-3148-4A2E-878F-C6922F8D7E76}.Debug|Any CPU.Build.0 = Debug|Any CPU
		{BFB7E180-3148-4A2E-878F-C6922F8D7E76}.Debug|x64.ActiveCfg = Debug|Any CPU
		{BFB7E180-3148-4A2E-878F-C6922F8D7E76}.Debug|x64.Build.0 = Debug|Any CPU
		{BFB7E180-3148-4A2E-878F-C6922F8D7E76}.Debug|x86.ActiveCfg = Debug|Any CPU
		{BFB7E180-3148-4A2E-878F-C6922F8D7E76}.Debug|x86.Build.0 = Debug|Any CPU
		{BFB7E180-3148-4A2E-878F-C6922F8D7E76}.Release|Any CPU.ActiveCfg = Release|Any CPU
		{BFB7E180-3148-4A2E-878F-C6922F8D7E76}.Release|Any CPU.Build.0 = Release|Any CPU
		{BFB7E180-3148-4A2E-878F-C6922F8D7E76}.Release|x64.ActiveCfg = Release|Any CPU
		{BFB7E180-3148-4A2E-878F-C6922F8D7E76}.Release|x64.Build.0 = Release|Any CPU
		{BFB7E180-3148-4A2E-878F-C6922F8D7E76}.Release|x86.ActiveCfg = Release|Any CPU
		{BFB7E180-3148-4A2E-878F-C6922F8D7E76}.Release|x86.Build.0 = Release|Any CPU
		{6005C275-3027-4D3E-986A-341607CB1C0C}.Debug|Any CPU.ActiveCfg = Debug|Any CPU
		{6005C275-3027-4D3E-986A-341607CB1C0C}.Debug|Any CPU.Build.0 = Debug|Any CPU
		{6005C275-3027-4D3E-986A-341607CB1C0C}.Debug|x64.ActiveCfg = Debug|Any CPU
		{6005C275-3027-4D3E-986A-341607CB1C0C}.Debug|x64.Build.0 = Debug|Any CPU
		{6005C275-3027-4D3E-986A-341607CB1C0C}.Debug|x86.ActiveCfg = Debug|Any CPU
		{6005C275-3027-4D3E-986A-341607CB1C0C}.Debug|x86.Build.0 = Debug|Any CPU
		{6005C275-3027-4D3E-986A-341607CB1C0C}.Release|Any CPU.ActiveCfg = Release|Any CPU
		{6005C275-3027-4D3E-986A-341607CB1C0C}.Release|Any CPU.Build.0 = Release|Any CPU
		{6005C275-3027-4D3E-986A-341607CB1C0C}.Release|x64.ActiveCfg = Release|Any CPU
		{6005C275-3027-4D3E-986A-341607CB1C0C}.Release|x64.Build.0 = Release|Any CPU
		{6005C275-3027-4D3E-986A-341607CB1C0C}.Release|x86.ActiveCfg = Release|Any CPU
		{6005C275-3027-4D3E-986A-341607CB1C0C}.Release|x86.Build.0 = Release|Any CPU
		{93F53C0C-8AC5-4F6A-A798-3000197325A5}.Debug|Any CPU.ActiveCfg = Debug|Any CPU
		{93F53C0C-8AC5-4F6A-A798-3000197325A5}.Debug|Any CPU.Build.0 = Debug|Any CPU
		{93F53C0C-8AC5-4F6A-A798-3000197325A5}.Debug|x64.ActiveCfg = Debug|Any CPU
		{93F53C0C-8AC5-4F6A-A798-3000197325A5}.Debug|x64.Build.0 = Debug|Any CPU
		{93F53C0C-8AC5-4F6A-A798-3000197325A5}.Debug|x86.ActiveCfg = Debug|Any CPU
		{93F53C0C-8AC5-4F6A-A798-3000197325A5}.Debug|x86.Build.0 = Debug|Any CPU
		{93F53C0C-8AC5-4F6A-A798-3000197325A5}.Release|Any CPU.ActiveCfg = Release|Any CPU
		{93F53C0C-8AC5-4F6A-A798-3000197325A5}.Release|Any CPU.Build.0 = Release|Any CPU
		{93F53C0C-8AC5-4F6A-A798-3000197325A5}.Release|x64.ActiveCfg = Release|Any CPU
		{93F53C0C-8AC5-4F6A-A798-3000197325A5}.Release|x64.Build.0 = Release|Any CPU
		{93F53C0C-8AC5-4F6A-A798-3000197325A5}.Release|x86.ActiveCfg = Release|Any CPU
		{93F53C0C-8AC5-4F6A-A798-3000197325A5}.Release|x86.Build.0 = Release|Any CPU
		{CC3DF9B2-DF6D-43B8-B97A-D9DC74FCD7D1}.Debug|Any CPU.ActiveCfg = Debug|Any CPU
		{CC3DF9B2-DF6D-43B8-B97A-D9DC74FCD7D1}.Debug|Any CPU.Build.0 = Debug|Any CPU
		{CC3DF9B2-DF6D-43B8-B97A-D9DC74FCD7D1}.Debug|x64.ActiveCfg = Debug|Any CPU
		{CC3DF9B2-DF6D-43B8-B97A-D9DC74FCD7D1}.Debug|x64.Build.0 = Debug|Any CPU
		{CC3DF9B2-DF6D-43B8-B97A-D9DC74FCD7D1}.Debug|x86.ActiveCfg = Debug|Any CPU
		{CC3DF9B2-DF6D-43B8-B97A-D9DC74FCD7D1}.Debug|x86.Build.0 = Debug|Any CPU
		{CC3DF9B2-DF6D-43B8-B97A-D9DC74FCD7D1}.Release|Any CPU.ActiveCfg = Release|Any CPU
		{CC3DF9B2-DF6D-43B8-B97A-D9DC74FCD7D1}.Release|Any CPU.Build.0 = Release|Any CPU
		{CC3DF9B2-DF6D-43B8-B97A-D9DC74FCD7D1}.Release|x64.ActiveCfg = Release|Any CPU
		{CC3DF9B2-DF6D-43B8-B97A-D9DC74FCD7D1}.Release|x64.Build.0 = Release|Any CPU
		{CC3DF9B2-DF6D-43B8-B97A-D9DC74FCD7D1}.Release|x86.ActiveCfg = Release|Any CPU
		{CC3DF9B2-DF6D-43B8-B97A-D9DC74FCD7D1}.Release|x86.Build.0 = Release|Any CPU
		{45FFB04B-BAC1-482F-BC3E-1BCCC1398FF6}.Debug|Any CPU.ActiveCfg = Debug|Any CPU
		{45FFB04B-BAC1-482F-BC3E-1BCCC1398FF6}.Debug|Any CPU.Build.0 = Debug|Any CPU
		{45FFB04B-BAC1-482F-BC3E-1BCCC1398FF6}.Debug|x64.ActiveCfg = Debug|Any CPU
		{45FFB04B-BAC1-482F-BC3E-1BCCC1398FF6}.Debug|x64.Build.0 = Debug|Any CPU
		{45FFB04B-BAC1-482F-BC3E-1BCCC1398FF6}.Debug|x86.ActiveCfg = Debug|Any CPU
		{45FFB04B-BAC1-482F-BC3E-1BCCC1398FF6}.Debug|x86.Build.0 = Debug|Any CPU
		{45FFB04B-BAC1-482F-BC3E-1BCCC1398FF6}.Release|Any CPU.ActiveCfg = Release|Any CPU
		{45FFB04B-BAC1-482F-BC3E-1BCCC1398FF6}.Release|Any CPU.Build.0 = Release|Any CPU
		{45FFB04B-BAC1-482F-BC3E-1BCCC1398FF6}.Release|x64.ActiveCfg = Release|Any CPU
		{45FFB04B-BAC1-482F-BC3E-1BCCC1398FF6}.Release|x64.Build.0 = Release|Any CPU
		{45FFB04B-BAC1-482F-BC3E-1BCCC1398FF6}.Release|x86.ActiveCfg = Release|Any CPU
		{45FFB04B-BAC1-482F-BC3E-1BCCC1398FF6}.Release|x86.Build.0 = Release|Any CPU
		{DBD110FF-8588-44F1-B758-34C0D0BFB190}.Debug|Any CPU.ActiveCfg = Debug|Any CPU
		{DBD110FF-8588-44F1-B758-34C0D0BFB190}.Debug|Any CPU.Build.0 = Debug|Any CPU
		{DBD110FF-8588-44F1-B758-34C0D0BFB190}.Debug|x64.ActiveCfg = Debug|Any CPU
		{DBD110FF-8588-44F1-B758-34C0D0BFB190}.Debug|x64.Build.0 = Debug|Any CPU
		{DBD110FF-8588-44F1-B758-34C0D0BFB190}.Debug|x86.ActiveCfg = Debug|Any CPU
		{DBD110FF-8588-44F1-B758-34C0D0BFB190}.Debug|x86.Build.0 = Debug|Any CPU
		{DBD110FF-8588-44F1-B758-34C0D0BFB190}.Release|Any CPU.ActiveCfg = Release|Any CPU
		{DBD110FF-8588-44F1-B758-34C0D0BFB190}.Release|Any CPU.Build.0 = Release|Any CPU
		{DBD110FF-8588-44F1-B758-34C0D0BFB190}.Release|x64.ActiveCfg = Release|Any CPU
		{DBD110FF-8588-44F1-B758-34C0D0BFB190}.Release|x64.Build.0 = Release|Any CPU
		{DBD110FF-8588-44F1-B758-34C0D0BFB190}.Release|x86.ActiveCfg = Release|Any CPU
		{DBD110FF-8588-44F1-B758-34C0D0BFB190}.Release|x86.Build.0 = Release|Any CPU
		{70681169-BA7B-4656-99B3-DB2CE684B1FE}.Debug|Any CPU.ActiveCfg = Debug|Any CPU
		{70681169-BA7B-4656-99B3-DB2CE684B1FE}.Debug|Any CPU.Build.0 = Debug|Any CPU
		{70681169-BA7B-4656-99B3-DB2CE684B1FE}.Debug|x64.ActiveCfg = Debug|Any CPU
		{70681169-BA7B-4656-99B3-DB2CE684B1FE}.Debug|x64.Build.0 = Debug|Any CPU
		{70681169-BA7B-4656-99B3-DB2CE684B1FE}.Debug|x86.ActiveCfg = Debug|Any CPU
		{70681169-BA7B-4656-99B3-DB2CE684B1FE}.Debug|x86.Build.0 = Debug|Any CPU
		{70681169-BA7B-4656-99B3-DB2CE684B1FE}.Release|Any CPU.ActiveCfg = Release|Any CPU
		{70681169-BA7B-4656-99B3-DB2CE684B1FE}.Release|Any CPU.Build.0 = Release|Any CPU
		{70681169-BA7B-4656-99B3-DB2CE684B1FE}.Release|x64.ActiveCfg = Release|Any CPU
		{70681169-BA7B-4656-99B3-DB2CE684B1FE}.Release|x64.Build.0 = Release|Any CPU
		{70681169-BA7B-4656-99B3-DB2CE684B1FE}.Release|x86.ActiveCfg = Release|Any CPU
		{70681169-BA7B-4656-99B3-DB2CE684B1FE}.Release|x86.Build.0 = Release|Any CPU
		{5196555A-A6C0-4942-9489-3C240084536B}.Debug|Any CPU.ActiveCfg = Debug|Any CPU
		{5196555A-A6C0-4942-9489-3C240084536B}.Debug|Any CPU.Build.0 = Debug|Any CPU
		{5196555A-A6C0-4942-9489-3C240084536B}.Debug|x64.ActiveCfg = Debug|Any CPU
		{5196555A-A6C0-4942-9489-3C240084536B}.Debug|x64.Build.0 = Debug|Any CPU
		{5196555A-A6C0-4942-9489-3C240084536B}.Debug|x86.ActiveCfg = Debug|Any CPU
		{5196555A-A6C0-4942-9489-3C240084536B}.Debug|x86.Build.0 = Debug|Any CPU
		{5196555A-A6C0-4942-9489-3C240084536B}.Release|Any CPU.ActiveCfg = Release|Any CPU
		{5196555A-A6C0-4942-9489-3C240084536B}.Release|Any CPU.Build.0 = Release|Any CPU
		{5196555A-A6C0-4942-9489-3C240084536B}.Release|x64.ActiveCfg = Release|Any CPU
		{5196555A-A6C0-4942-9489-3C240084536B}.Release|x64.Build.0 = Release|Any CPU
		{5196555A-A6C0-4942-9489-3C240084536B}.Release|x86.ActiveCfg = Release|Any CPU
		{5196555A-A6C0-4942-9489-3C240084536B}.Release|x86.Build.0 = Release|Any CPU
		{4D24271A-839B-4C6D-AEE1-8E2675026DD1}.Debug|Any CPU.ActiveCfg = Debug|Any CPU
		{4D24271A-839B-4C6D-AEE1-8E2675026DD1}.Debug|Any CPU.Build.0 = Debug|Any CPU
		{4D24271A-839B-4C6D-AEE1-8E2675026DD1}.Debug|x64.ActiveCfg = Debug|Any CPU
		{4D24271A-839B-4C6D-AEE1-8E2675026DD1}.Debug|x64.Build.0 = Debug|Any CPU
		{4D24271A-839B-4C6D-AEE1-8E2675026DD1}.Debug|x86.ActiveCfg = Debug|Any CPU
		{4D24271A-839B-4C6D-AEE1-8E2675026DD1}.Debug|x86.Build.0 = Debug|Any CPU
		{4D24271A-839B-4C6D-AEE1-8E2675026DD1}.Release|Any CPU.ActiveCfg = Release|Any CPU
		{4D24271A-839B-4C6D-AEE1-8E2675026DD1}.Release|Any CPU.Build.0 = Release|Any CPU
		{4D24271A-839B-4C6D-AEE1-8E2675026DD1}.Release|x64.ActiveCfg = Release|Any CPU
		{4D24271A-839B-4C6D-AEE1-8E2675026DD1}.Release|x64.Build.0 = Release|Any CPU
		{4D24271A-839B-4C6D-AEE1-8E2675026DD1}.Release|x86.ActiveCfg = Release|Any CPU
		{4D24271A-839B-4C6D-AEE1-8E2675026DD1}.Release|x86.Build.0 = Release|Any CPU
	EndGlobalSection
	GlobalSection(SolutionProperties) = preSolution
		HideSolutionNode = FALSE
	EndGlobalSection
	GlobalSection(NestedProjects) = preSolution
		{984BB9B3-3FA3-BE33-9484-CAC21695A33C} = {827E0CD3-B72D-47B6-A68D-7590B98EB39B}
		{116ECC48-843A-D9BE-1B63-A656B627FAB9} = {984BB9B3-3FA3-BE33-9484-CAC21695A33C}
		{248FA18C-E147-4E08-99F1-FE760FF25604} = {116ECC48-843A-D9BE-1B63-A656B627FAB9}
		{1BFC9479-12BF-35C3-06B8-42D89D95092B} = {984BB9B3-3FA3-BE33-9484-CAC21695A33C}
		{C49E13DE-BBBE-415A-91F5-276251B1BBE9} = {1BFC9479-12BF-35C3-06B8-42D89D95092B}
		{30858BB4-63AE-9BF5-17A6-CE6588F4B7A9} = {984BB9B3-3FA3-BE33-9484-CAC21695A33C}
		{BFB7E180-3148-4A2E-878F-C6922F8D7E76} = {30858BB4-63AE-9BF5-17A6-CE6588F4B7A9}
		{BFF2DF6E-AA54-47C7-211F-79ACCBB4577C} = {827E0CD3-B72D-47B6-A68D-7590B98EB39B}
		{6005C275-3027-4D3E-986A-341607CB1C0C} = {BFF2DF6E-AA54-47C7-211F-79ACCBB4577C}
		{93F53C0C-8AC5-4F6A-A798-3000197325A5} = {BFF2DF6E-AA54-47C7-211F-79ACCBB4577C}
		{CC3DF9B2-DF6D-43B8-B97A-D9DC74FCD7D1} = {BFF2DF6E-AA54-47C7-211F-79ACCBB4577C}
		{45FFB04B-BAC1-482F-BC3E-1BCCC1398FF6} = {BFF2DF6E-AA54-47C7-211F-79ACCBB4577C}
		{DBD110FF-8588-44F1-B758-34C0D0BFB190} = {BFF2DF6E-AA54-47C7-211F-79ACCBB4577C}
		{70681169-BA7B-4656-99B3-DB2CE684B1FE} = {BFF2DF6E-AA54-47C7-211F-79ACCBB4577C}
		{00B920E4-100F-D869-D8B1-04B3A2ED45DA} = {827E0CD3-B72D-47B6-A68D-7590B98EB39B}
		{5196555A-A6C0-4942-9489-3C240084536B} = {00B920E4-100F-D869-D8B1-04B3A2ED45DA}
		{4D24271A-839B-4C6D-AEE1-8E2675026DD1} = {00B920E4-100F-D869-D8B1-04B3A2ED45DA}
	EndGlobalSection
EndGlobal
