
Microsoft Visual Studio Solution File, Format Version 12.00
# Visual Studio Version 17
VisualStudioVersion = 17.0.31903.59
MinimumVisualStudioVersion = 10.0.40219.1
Project("{2150E333-8FDC-42A3-9474-1A3956D46DE8}") = "src", "src", "{827E0CD3-B72D-47B6-A68D-7590B98EB39B}"
EndProject
Project("{2150E333-8FDC-42A3-9474-1A3956D46DE8}") = "Services", "Services", "{984BB9B3-3FA3-BE33-9484-CAC21695A33C}"
EndProject
Project("{2150E333-8FDC-42A3-9474-1A3956D46DE8}") = "Config", "Config", "{116ECC48-843A-D9BE-1B63-A656B627FAB9}"
EndProject
Project("{FAE04EC0-301F-11D3-BF4B-00C04F79EFBC}") = "KC.Config.API", "src\Services\Config\KC.Config.API\KC.Config.API.csproj", "{248FA18C-E147-4E08-99F1-FE760FF25604}"
EndProject
Project("{2150E333-8FDC-42A3-9474-1A3956D46DE8}") = "Identity", "Identity", "{1BFC9479-12BF-35C3-06B8-42D89D95092B}"
EndProject
Project("{FAE04EC0-301F-11D3-BF4B-00C04F79EFBC}") = "KC.Identity.API", "src\Services\Identity\KC.Identity.API\KC.Identity.API.csproj", "{C49E13DE-BBBE-415A-91F5-276251B1BBE9}"
EndProject
Project("{2150E333-8FDC-42A3-9474-1A3956D46DE8}") = "Mono", "Mono", "{30858BB4-63AE-9BF5-17A6-CE6588F4B7A9}"
EndProject
Project("{FAE04EC0-301F-11D3-BF4B-00C04F79EFBC}") = "KC.Mono.API", "src\Services\Mono\KC.Mono.API\KC.Mono.API.csproj", "{BFB7E180-3148-4A2E-878F-C6922F8D7E76}"
EndProject
Global
	GlobalSection(SolutionConfigurationPlatforms) = preSolution
		Debug|Any CPU = Debug|Any CPU
		Debug|x64 = Debug|x64
		Debug|x86 = Debug|x86
		Release|Any CPU = Release|Any CPU
		Release|x64 = Release|x64
		Release|x86 = Release|x86
	EndGlobalSection
	GlobalSection(ProjectConfigurationPlatforms) = postSolution
		{248FA18C-E147-4E08-99F1-FE760FF25604}.Debug|Any CPU.ActiveCfg = Debug|Any CPU
		{248FA18C-E147-4E08-99F1-FE760FF25604}.Debug|Any CPU.Build.0 = Debug|Any CPU
		{248FA18C-E147-4E08-99F1-FE760FF25604}.Debug|x64.ActiveCfg = Debug|Any CPU
		{248FA18C-E147-4E08-99F1-FE760FF25604}.Debug|x64.Build.0 = Debug|Any CPU
		{248FA18C-E147-4E08-99F1-FE760FF25604}.Debug|x86.ActiveCfg = Debug|Any CPU
		{248FA18C-E147-4E08-99F1-FE760FF25604}.Debug|x86.Build.0 = Debug|Any CPU
		{248FA18C-E147-4E08-99F1-FE760FF25604}.Release|Any CPU.ActiveCfg = Release|Any CPU
		{248FA18C-E147-4E08-99F1-FE760FF25604}.Release|Any CPU.Build.0 = Release|Any CPU
		{248FA18C-E147-4E08-99F1-FE760FF25604}.Release|x64.ActiveCfg = Release|Any CPU
		{248FA18C-E147-4E08-99F1-FE760FF25604}.Release|x64.Build.0 = Release|Any CPU
		{248FA18C-E147-4E08-99F1-FE760FF25604}.Release|x86.ActiveCfg = Release|Any CPU
		{248FA18C-E147-4E08-99F1-FE760FF25604}.Release|x86.Build.0 = Release|Any CPU
		{C49E13DE-BBBE-415A-91F5-276251B1BBE9}.Debug|Any CPU.ActiveCfg = Debug|Any CPU
		{C49E13DE-BBBE-415A-91F5-276251B1BBE9}.Debug|Any CPU.Build.0 = Debug|Any CPU
		{C49E13DE-BBBE-415A-91F5-276251B1BBE9}.Debug|x64.ActiveCfg = Debug|Any CPU
		{C49E13DE-BBBE-415A-91F5-276251B1BBE9}.Debug|x64.Build.0 = Debug|Any CPU
		{C49E13DE-BBBE-415A-91F5-276251B1BBE9}.Debug|x86.ActiveCfg = Debug|Any CPU
		{C49E13DE-BBBE-415A-91F5-276251B1BBE9}.Debug|x86.Build.0 = Debug|Any CPU
		{C49E13DE-BBBE-415A-91F5-276251B1BBE9}.Release|Any CPU.ActiveCfg = Release|Any CPU
		{C49E13DE-BBBE-415A-91F5-276251B1BBE9}.Release|Any CPU.Build.0 = Release|Any CPU
		{C49E13DE-BBBE-415A-91F5-276251B1BBE9}.Release|x64.ActiveCfg = Release|Any CPU
		{C49E13DE-BBBE-415A-91F5-276251B1BBE9}.Release|x64.Build.0 = Release|Any CPU
		{C49E13DE-BBBE-415A-91F5-276251B1BBE9}.Release|x86.ActiveCfg = Release|Any CPU
		{C49E13DE-BBBE-415A-91F5-276251B1BBE9}.Release|x86.Build.0 = Release|Any CPU
		{BFB7E180-3148-4A2E-878F-C6922F8D7E76}.Debug|Any CPU.ActiveCfg = Debug|Any CPU
		{BFB7E180-3148-4A2E-878F-C6922F8D7E76}.Debug|Any CPU.Build.0 = Debug|Any CPU
		{BFB7E180-3148-4A2E-878F-C6922F8D7E76}.Debug|x64.ActiveCfg = Debug|Any CPU
		{BFB7E180-3148-4A2E-878F-C6922F8D7E76}.Debug|x64.Build.0 = Debug|Any CPU
		{BFB7E180-3148-4A2E-878F-C6922F8D7E76}.Debug|x86.ActiveCfg = Debug|Any CPU
		{BFB7E180-3148-4A2E-878F-C6922F8D7E76}.Debug|x86.Build.0 = Debug|Any CPU
		{BFB7E180-3148-4A2E-878F-C6922F8D7E76}.Release|Any CPU.ActiveCfg = Release|Any CPU
		{BFB7E180-3148-4A2E-878F-C6922F8D7E76}.Release|Any CPU.Build.0 = Release|Any CPU
		{BFB7E180-3148-4A2E-878F-C6922F8D7E76}.Release|x64.ActiveCfg = Release|Any CPU
		{BFB7E180-3148-4A2E-878F-C6922F8D7E76}.Release|x64.Build.0 = Release|Any CPU
		{BFB7E180-3148-4A2E-878F-C6922F8D7E76}.Release|x86.ActiveCfg = Release|Any CPU
		{BFB7E180-3148-4A2E-878F-C6922F8D7E76}.Release|x86.Build.0 = Release|Any CPU
	EndGlobalSection
	GlobalSection(SolutionProperties) = preSolution
		HideSolutionNode = FALSE
	EndGlobalSection
	GlobalSection(NestedProjects) = preSolution
		{984BB9B3-3FA3-BE33-9484-CAC21695A33C} = {827E0CD3-B72D-47B6-A68D-7590B98EB39B}
		{116ECC48-843A-D9BE-1B63-A656B627FAB9} = {984BB9B3-3FA3-BE33-9484-CAC21695A33C}
		{248FA18C-E147-4E08-99F1-FE760FF25604} = {116ECC48-843A-D9BE-1B63-A656B627FAB9}
		{1BFC9479-12BF-35C3-06B8-42D89D95092B} = {984BB9B3-3FA3-BE33-9484-CAC21695A33C}
		{C49E13DE-BBBE-415A-91F5-276251B1BBE9} = {1BFC9479-12BF-35C3-06B8-42D89D95092B}
		{30858BB4-63AE-9BF5-17A6-CE6588F4B7A9} = {984BB9B3-3FA3-BE33-9484-CAC21695A33C}
		{BFB7E180-3148-4A2E-878F-C6922F8D7E76} = {30858BB4-63AE-9BF5-17A6-CE6588F4B7A9}
	EndGlobalSection
EndGlobal
