
Microsoft Visual Studio Solution File, Format Version 12.00
# Visual Studio Version 17
VisualStudioVersion = 17.0.31903.59
MinimumVisualStudioVersion = 10.0.40219.1
Project("{2150E333-8FDC-42A3-9474-1A3956D46DE8}") = "Config", "Config", "{1AD244E0-696C-4A2A-31B1-1832C4FA60E4}"
EndProject
Project("{FAE04EC0-301F-11D3-BF4B-00C04F79EFBC}") = "KC.Config.API", "Config\KC.Config.API\KC.Config.API.csproj", "{E3A3E23C-052A-4DB9-B50B-C347560F9950}"
EndProject
Project("{2150E333-8FDC-42A3-9474-1A3956D46DE8}") = "Identity", "Identity", "{2FA89949-C014-61E3-9766-4043502A0423}"
EndProject
Project("{FAE04EC0-301F-11D3-BF4B-00C04F79EFBC}") = "KC.Identity.API", "Identity\KC.Identity.API\KC.Identity.API.csproj", "{11992598-2D09-42C3-94F3-50D258605C66}"
EndProject
Project("{2150E333-8FDC-42A3-9474-1A3956D46DE8}") = "Mono", "Mono", "{9A5C7561-88B5-4B22-C7E2-74F4AB925CBB}"
EndProject
Project("{FAE04EC0-301F-11D3-BF4B-00C04F79EFBC}") = "KC.Mono.API", "Mono\KC.Mono.API\KC.Mono.API.csproj", "{4B972EBC-E5AF-48C5-8204-A344864DCFAE}"
EndProject
Project("{FAE04EC0-301F-11D3-BF4B-00C04F79EFBC}") = "KC.Application.Common", "..\Common\KC.Application.Common\KC.Application.Common.csproj", "{971C759C-2305-4E26-8435-E8B54A1D0B74}"
EndProject
Project("{FAE04EC0-301F-11D3-BF4B-00C04F79EFBC}") = "KC.Domain.Common", "..\Common\KC.Domain.Common\KC.Domain.Common.csproj", "{19562E98-0539-41D0-B0A0-67269CA2B9CE}"
EndProject
Project("{FAE04EC0-301F-11D3-BF4B-00C04F79EFBC}") = "KC.FuncApp.Common", "..\Common\KC.FuncApp.Common\KC.FuncApp.Common.csproj", "{1681F4F2-96A8-4199-A56E-C895F3B95931}"
EndProject
Project("{FAE04EC0-301F-11D3-BF4B-00C04F79EFBC}") = "KC.Infrastructure.Common", "..\Common\KC.Infrastructure.Common\KC.Infrastructure.Common.csproj", "{EF9A6E96-B3D8-42E6-AF84-F6BDA79F3EBC}"
EndProject
Project("{FAE04EC0-301F-11D3-BF4B-00C04F79EFBC}") = "KC.Persistence.Common", "..\Common\KC.Persistence.Common\KC.Persistence.Common.csproj", "{B2E4FA11-8E2F-4BE9-98F4-5B5DC5CD23E8}"
EndProject
Project("{FAE04EC0-301F-11D3-BF4B-00C04F79EFBC}") = "KC.Utils.Common", "..\Common\KC.Utils.Common\KC.Utils.Common.csproj", "{17B91C70-3B9C-4DB8-AA15-F264CF3DA418}"
EndProject
Global
	GlobalSection(SolutionConfigurationPlatforms) = preSolution
		Debug|Any CPU = Debug|Any CPU
		Debug|x64 = Debug|x64
		Debug|x86 = Debug|x86
		Release|Any CPU = Release|Any CPU
		Release|x64 = Release|x64
		Release|x86 = Release|x86
	EndGlobalSection
	GlobalSection(ProjectConfigurationPlatforms) = postSolution
		{E3A3E23C-052A-4DB9-B50B-C347560F9950}.Debug|Any CPU.ActiveCfg = Debug|Any CPU
		{E3A3E23C-052A-4DB9-B50B-C347560F9950}.Debug|Any CPU.Build.0 = Debug|Any CPU
		{E3A3E23C-052A-4DB9-B50B-C347560F9950}.Debug|x64.ActiveCfg = Debug|Any CPU
		{E3A3E23C-052A-4DB9-B50B-C347560F9950}.Debug|x64.Build.0 = Debug|Any CPU
		{E3A3E23C-052A-4DB9-B50B-C347560F9950}.Debug|x86.ActiveCfg = Debug|Any CPU
		{E3A3E23C-052A-4DB9-B50B-C347560F9950}.Debug|x86.Build.0 = Debug|Any CPU
		{E3A3E23C-052A-4DB9-B50B-C347560F9950}.Release|Any CPU.ActiveCfg = Release|Any CPU
		{E3A3E23C-052A-4DB9-B50B-C347560F9950}.Release|Any CPU.Build.0 = Release|Any CPU
		{E3A3E23C-052A-4DB9-B50B-C347560F9950}.Release|x64.ActiveCfg = Release|Any CPU
		{E3A3E23C-052A-4DB9-B50B-C347560F9950}.Release|x64.Build.0 = Release|Any CPU
		{E3A3E23C-052A-4DB9-B50B-C347560F9950}.Release|x86.ActiveCfg = Release|Any CPU
		{E3A3E23C-052A-4DB9-B50B-C347560F9950}.Release|x86.Build.0 = Release|Any CPU
		{11992598-2D09-42C3-94F3-50D258605C66}.Debug|Any CPU.ActiveCfg = Debug|Any CPU
		{11992598-2D09-42C3-94F3-50D258605C66}.Debug|Any CPU.Build.0 = Debug|Any CPU
		{11992598-2D09-42C3-94F3-50D258605C66}.Debug|x64.ActiveCfg = Debug|Any CPU
		{11992598-2D09-42C3-94F3-50D258605C66}.Debug|x64.Build.0 = Debug|Any CPU
		{11992598-2D09-42C3-94F3-50D258605C66}.Debug|x86.ActiveCfg = Debug|Any CPU
		{11992598-2D09-42C3-94F3-50D258605C66}.Debug|x86.Build.0 = Debug|Any CPU
		{11992598-2D09-42C3-94F3-50D258605C66}.Release|Any CPU.ActiveCfg = Release|Any CPU
		{11992598-2D09-42C3-94F3-50D258605C66}.Release|Any CPU.Build.0 = Release|Any CPU
		{11992598-2D09-42C3-94F3-50D258605C66}.Release|x64.ActiveCfg = Release|Any CPU
		{11992598-2D09-42C3-94F3-50D258605C66}.Release|x64.Build.0 = Release|Any CPU
		{11992598-2D09-42C3-94F3-50D258605C66}.Release|x86.ActiveCfg = Release|Any CPU
		{11992598-2D09-42C3-94F3-50D258605C66}.Release|x86.Build.0 = Release|Any CPU
		{4B972EBC-E5AF-48C5-8204-A344864DCFAE}.Debug|Any CPU.ActiveCfg = Debug|Any CPU
		{4B972EBC-E5AF-48C5-8204-A344864DCFAE}.Debug|Any CPU.Build.0 = Debug|Any CPU
		{4B972EBC-E5AF-48C5-8204-A344864DCFAE}.Debug|x64.ActiveCfg = Debug|Any CPU
		{4B972EBC-E5AF-48C5-8204-A344864DCFAE}.Debug|x64.Build.0 = Debug|Any CPU
		{4B972EBC-E5AF-48C5-8204-A344864DCFAE}.Debug|x86.ActiveCfg = Debug|Any CPU
		{4B972EBC-E5AF-48C5-8204-A344864DCFAE}.Debug|x86.Build.0 = Debug|Any CPU
		{4B972EBC-E5AF-48C5-8204-A344864DCFAE}.Release|Any CPU.ActiveCfg = Release|Any CPU
		{4B972EBC-E5AF-48C5-8204-A344864DCFAE}.Release|Any CPU.Build.0 = Release|Any CPU
		{4B972EBC-E5AF-48C5-8204-A344864DCFAE}.Release|x64.ActiveCfg = Release|Any CPU
		{4B972EBC-E5AF-48C5-8204-A344864DCFAE}.Release|x64.Build.0 = Release|Any CPU
		{4B972EBC-E5AF-48C5-8204-A344864DCFAE}.Release|x86.ActiveCfg = Release|Any CPU
		{4B972EBC-E5AF-48C5-8204-A344864DCFAE}.Release|x86.Build.0 = Release|Any CPU
		{971C759C-2305-4E26-8435-E8B54A1D0B74}.Debug|Any CPU.ActiveCfg = Debug|Any CPU
		{971C759C-2305-4E26-8435-E8B54A1D0B74}.Debug|Any CPU.Build.0 = Debug|Any CPU
		{971C759C-2305-4E26-8435-E8B54A1D0B74}.Debug|x64.ActiveCfg = Debug|Any CPU
		{971C759C-2305-4E26-8435-E8B54A1D0B74}.Debug|x64.Build.0 = Debug|Any CPU
		{971C759C-2305-4E26-8435-E8B54A1D0B74}.Debug|x86.ActiveCfg = Debug|Any CPU
		{971C759C-2305-4E26-8435-E8B54A1D0B74}.Debug|x86.Build.0 = Debug|Any CPU
		{971C759C-2305-4E26-8435-E8B54A1D0B74}.Release|Any CPU.ActiveCfg = Release|Any CPU
		{971C759C-2305-4E26-8435-E8B54A1D0B74}.Release|Any CPU.Build.0 = Release|Any CPU
		{971C759C-2305-4E26-8435-E8B54A1D0B74}.Release|x64.ActiveCfg = Release|Any CPU
		{971C759C-2305-4E26-8435-E8B54A1D0B74}.Release|x64.Build.0 = Release|Any CPU
		{971C759C-2305-4E26-8435-E8B54A1D0B74}.Release|x86.ActiveCfg = Release|Any CPU
		{971C759C-2305-4E26-8435-E8B54A1D0B74}.Release|x86.Build.0 = Release|Any CPU
		{19562E98-0539-41D0-B0A0-67269CA2B9CE}.Debug|Any CPU.ActiveCfg = Debug|Any CPU
		{19562E98-0539-41D0-B0A0-67269CA2B9CE}.Debug|Any CPU.Build.0 = Debug|Any CPU
		{19562E98-0539-41D0-B0A0-67269CA2B9CE}.Debug|x64.ActiveCfg = Debug|Any CPU
		{19562E98-0539-41D0-B0A0-67269CA2B9CE}.Debug|x64.Build.0 = Debug|Any CPU
		{19562E98-0539-41D0-B0A0-67269CA2B9CE}.Debug|x86.ActiveCfg = Debug|Any CPU
		{19562E98-0539-41D0-B0A0-67269CA2B9CE}.Debug|x86.Build.0 = Debug|Any CPU
		{19562E98-0539-41D0-B0A0-67269CA2B9CE}.Release|Any CPU.ActiveCfg = Release|Any CPU
		{19562E98-0539-41D0-B0A0-67269CA2B9CE}.Release|Any CPU.Build.0 = Release|Any CPU
		{19562E98-0539-41D0-B0A0-67269CA2B9CE}.Release|x64.ActiveCfg = Release|Any CPU
		{19562E98-0539-41D0-B0A0-67269CA2B9CE}.Release|x64.Build.0 = Release|Any CPU
		{19562E98-0539-41D0-B0A0-67269CA2B9CE}.Release|x86.ActiveCfg = Release|Any CPU
		{19562E98-0539-41D0-B0A0-67269CA2B9CE}.Release|x86.Build.0 = Release|Any CPU
		{1681F4F2-96A8-4199-A56E-C895F3B95931}.Debug|Any CPU.ActiveCfg = Debug|Any CPU
		{1681F4F2-96A8-4199-A56E-C895F3B95931}.Debug|Any CPU.Build.0 = Debug|Any CPU
		{1681F4F2-96A8-4199-A56E-C895F3B95931}.Debug|x64.ActiveCfg = Debug|Any CPU
		{1681F4F2-96A8-4199-A56E-C895F3B95931}.Debug|x64.Build.0 = Debug|Any CPU
		{1681F4F2-96A8-4199-A56E-C895F3B95931}.Debug|x86.ActiveCfg = Debug|Any CPU
		{1681F4F2-96A8-4199-A56E-C895F3B95931}.Debug|x86.Build.0 = Debug|Any CPU
		{1681F4F2-96A8-4199-A56E-C895F3B95931}.Release|Any CPU.ActiveCfg = Release|Any CPU
		{1681F4F2-96A8-4199-A56E-C895F3B95931}.Release|Any CPU.Build.0 = Release|Any CPU
		{1681F4F2-96A8-4199-A56E-C895F3B95931}.Release|x64.ActiveCfg = Release|Any CPU
		{1681F4F2-96A8-4199-A56E-C895F3B95931}.Release|x64.Build.0 = Release|Any CPU
		{1681F4F2-96A8-4199-A56E-C895F3B95931}.Release|x86.ActiveCfg = Release|Any CPU
		{1681F4F2-96A8-4199-A56E-C895F3B95931}.Release|x86.Build.0 = Release|Any CPU
		{EF9A6E96-B3D8-42E6-AF84-F6BDA79F3EBC}.Debug|Any CPU.ActiveCfg = Debug|Any CPU
		{EF9A6E96-B3D8-42E6-AF84-F6BDA79F3EBC}.Debug|Any CPU.Build.0 = Debug|Any CPU
		{EF9A6E96-B3D8-42E6-AF84-F6BDA79F3EBC}.Debug|x64.ActiveCfg = Debug|Any CPU
		{EF9A6E96-B3D8-42E6-AF84-F6BDA79F3EBC}.Debug|x64.Build.0 = Debug|Any CPU
		{EF9A6E96-B3D8-42E6-AF84-F6BDA79F3EBC}.Debug|x86.ActiveCfg = Debug|Any CPU
		{EF9A6E96-B3D8-42E6-AF84-F6BDA79F3EBC}.Debug|x86.Build.0 = Debug|Any CPU
		{EF9A6E96-B3D8-42E6-AF84-F6BDA79F3EBC}.Release|Any CPU.ActiveCfg = Release|Any CPU
		{EF9A6E96-B3D8-42E6-AF84-F6BDA79F3EBC}.Release|Any CPU.Build.0 = Release|Any CPU
		{EF9A6E96-B3D8-42E6-AF84-F6BDA79F3EBC}.Release|x64.ActiveCfg = Release|Any CPU
		{EF9A6E96-B3D8-42E6-AF84-F6BDA79F3EBC}.Release|x64.Build.0 = Release|Any CPU
		{EF9A6E96-B3D8-42E6-AF84-F6BDA79F3EBC}.Release|x86.ActiveCfg = Release|Any CPU
		{EF9A6E96-B3D8-42E6-AF84-F6BDA79F3EBC}.Release|x86.Build.0 = Release|Any CPU
		{B2E4FA11-8E2F-4BE9-98F4-5B5DC5CD23E8}.Debug|Any CPU.ActiveCfg = Debug|Any CPU
		{B2E4FA11-8E2F-4BE9-98F4-5B5DC5CD23E8}.Debug|Any CPU.Build.0 = Debug|Any CPU
		{B2E4FA11-8E2F-4BE9-98F4-5B5DC5CD23E8}.Debug|x64.ActiveCfg = Debug|Any CPU
		{B2E4FA11-8E2F-4BE9-98F4-5B5DC5CD23E8}.Debug|x64.Build.0 = Debug|Any CPU
		{B2E4FA11-8E2F-4BE9-98F4-5B5DC5CD23E8}.Debug|x86.ActiveCfg = Debug|Any CPU
		{B2E4FA11-8E2F-4BE9-98F4-5B5DC5CD23E8}.Debug|x86.Build.0 = Debug|Any CPU
		{B2E4FA11-8E2F-4BE9-98F4-5B5DC5CD23E8}.Release|Any CPU.ActiveCfg = Release|Any CPU
		{B2E4FA11-8E2F-4BE9-98F4-5B5DC5CD23E8}.Release|Any CPU.Build.0 = Release|Any CPU
		{B2E4FA11-8E2F-4BE9-98F4-5B5DC5CD23E8}.Release|x64.ActiveCfg = Release|Any CPU
		{B2E4FA11-8E2F-4BE9-98F4-5B5DC5CD23E8}.Release|x64.Build.0 = Release|Any CPU
		{B2E4FA11-8E2F-4BE9-98F4-5B5DC5CD23E8}.Release|x86.ActiveCfg = Release|Any CPU
		{B2E4FA11-8E2F-4BE9-98F4-5B5DC5CD23E8}.Release|x86.Build.0 = Release|Any CPU
		{17B91C70-3B9C-4DB8-AA15-F264CF3DA418}.Debug|Any CPU.ActiveCfg = Debug|Any CPU
		{17B91C70-3B9C-4DB8-AA15-F264CF3DA418}.Debug|Any CPU.Build.0 = Debug|Any CPU
		{17B91C70-3B9C-4DB8-AA15-F264CF3DA418}.Debug|x64.ActiveCfg = Debug|Any CPU
		{17B91C70-3B9C-4DB8-AA15-F264CF3DA418}.Debug|x64.Build.0 = Debug|Any CPU
		{17B91C70-3B9C-4DB8-AA15-F264CF3DA418}.Debug|x86.ActiveCfg = Debug|Any CPU
		{17B91C70-3B9C-4DB8-AA15-F264CF3DA418}.Debug|x86.Build.0 = Debug|Any CPU
		{17B91C70-3B9C-4DB8-AA15-F264CF3DA418}.Release|Any CPU.ActiveCfg = Release|Any CPU
		{17B91C70-3B9C-4DB8-AA15-F264CF3DA418}.Release|Any CPU.Build.0 = Release|Any CPU
		{17B91C70-3B9C-4DB8-AA15-F264CF3DA418}.Release|x64.ActiveCfg = Release|Any CPU
		{17B91C70-3B9C-4DB8-AA15-F264CF3DA418}.Release|x64.Build.0 = Release|Any CPU
		{17B91C70-3B9C-4DB8-AA15-F264CF3DA418}.Release|x86.ActiveCfg = Release|Any CPU
		{17B91C70-3B9C-4DB8-AA15-F264CF3DA418}.Release|x86.Build.0 = Release|Any CPU
	EndGlobalSection
	GlobalSection(SolutionProperties) = preSolution
		HideSolutionNode = FALSE
	EndGlobalSection
	GlobalSection(NestedProjects) = preSolution
		{E3A3E23C-052A-4DB9-B50B-C347560F9950} = {1AD244E0-696C-4A2A-31B1-1832C4FA60E4}
		{11992598-2D09-42C3-94F3-50D258605C66} = {2FA89949-C014-61E3-9766-4043502A0423}
		{4B972EBC-E5AF-48C5-8204-A344864DCFAE} = {9A5C7561-88B5-4B22-C7E2-74F4AB925CBB}
	EndGlobalSection
EndGlobal
